
Microsoft Visual Studio Solution File, Format Version 12.00
# Visual Studio 15
VisualStudioVersion = 15.0.26124.0
MinimumVisualStudioVersion = 15.0.26124.0
Project("{2150E333-8FDC-42A3-9474-1A3956D46DE8}") = "source", "source", "{278134F0-0F21-44E6-9467-4243712B3C89}"
EndProject
Project("{2150E333-8FDC-42A3-9474-1A3956D46DE8}") = "app", "app", "{AD40E81E-78C6-4901-A80C-FAB1C99E63B3}"
EndProject
Project("{FAE04EC0-301F-11D3-BF4B-00C04F79EFBC}") = "identity", "source\app\identity\identity.csproj", "{30127AEA-439A-451C-93C3-0D213D645DDB}"
EndProject
Project("{2150E333-8FDC-42A3-9474-1A3956D46DE8}") = "services", "services", "{4207A5E0-9BFB-407C-8CA2-36366189373B}"
EndProject
Project("{FAE04EC0-301F-11D3-BF4B-00C04F79EFBC}") = "customer.write", "source\app\services\customer.write\customer.write.csproj", "{4BE7AFB3-3913-45C2-8224-A46520DC0492}"
EndProject
Project("{FAE04EC0-301F-11D3-BF4B-00C04F79EFBC}") = "customer.read", "source\app\services\customer.read\customer.read.csproj", "{2E74CCB6-C3D7-48FA-9574-57FD6D0C4FAF}"
EndProject
Project("{FAE04EC0-301F-11D3-BF4B-00C04F79EFBC}") = "proxy", "source\app\proxy\proxy.csproj", "{C87ED3B3-77AE-4B64-9209-AEF41F84FBBA}"
EndProject
Global
	GlobalSection(SolutionConfigurationPlatforms) = preSolution
		Debug|Any CPU = Debug|Any CPU
		Debug|x64 = Debug|x64
		Debug|x86 = Debug|x86
		Release|Any CPU = Release|Any CPU
		Release|x64 = Release|x64
		Release|x86 = Release|x86
	EndGlobalSection
	GlobalSection(SolutionProperties) = preSolution
		HideSolutionNode = FALSE
	EndGlobalSection
	GlobalSection(ProjectConfigurationPlatforms) = postSolution
		{30127AEA-439A-451C-93C3-0D213D645DDB}.Debug|Any CPU.ActiveCfg = Debug|Any CPU
		{30127AEA-439A-451C-93C3-0D213D645DDB}.Debug|Any CPU.Build.0 = Debug|Any CPU
		{30127AEA-439A-451C-93C3-0D213D645DDB}.Debug|x64.ActiveCfg = Debug|Any CPU
		{30127AEA-439A-451C-93C3-0D213D645DDB}.Debug|x64.Build.0 = Debug|Any CPU
		{30127AEA-439A-451C-93C3-0D213D645DDB}.Debug|x86.ActiveCfg = Debug|Any CPU
		{30127AEA-439A-451C-93C3-0D213D645DDB}.Debug|x86.Build.0 = Debug|Any CPU
		{30127AEA-439A-451C-93C3-0D213D645DDB}.Release|Any CPU.ActiveCfg = Release|Any CPU
		{30127AEA-439A-451C-93C3-0D213D645DDB}.Release|Any CPU.Build.0 = Release|Any CPU
		{30127AEA-439A-451C-93C3-0D213D645DDB}.Release|x64.ActiveCfg = Release|Any CPU
		{30127AEA-439A-451C-93C3-0D213D645DDB}.Release|x64.Build.0 = Release|Any CPU
		{30127AEA-439A-451C-93C3-0D213D645DDB}.Release|x86.ActiveCfg = Release|Any CPU
		{30127AEA-439A-451C-93C3-0D213D645DDB}.Release|x86.Build.0 = Release|Any CPU
		{4BE7AFB3-3913-45C2-8224-A46520DC0492}.Debug|Any CPU.ActiveCfg = Debug|Any CPU
		{4BE7AFB3-3913-45C2-8224-A46520DC0492}.Debug|Any CPU.Build.0 = Debug|Any CPU
		{4BE7AFB3-3913-45C2-8224-A46520DC0492}.Debug|x64.ActiveCfg = Debug|Any CPU
		{4BE7AFB3-3913-45C2-8224-A46520DC0492}.Debug|x64.Build.0 = Debug|Any CPU
		{4BE7AFB3-3913-45C2-8224-A46520DC0492}.Debug|x86.ActiveCfg = Debug|Any CPU
		{4BE7AFB3-3913-45C2-8224-A46520DC0492}.Debug|x86.Build.0 = Debug|Any CPU
		{4BE7AFB3-3913-45C2-8224-A46520DC0492}.Release|Any CPU.ActiveCfg = Release|Any CPU
		{4BE7AFB3-3913-45C2-8224-A46520DC0492}.Release|Any CPU.Build.0 = Release|Any CPU
		{4BE7AFB3-3913-45C2-8224-A46520DC0492}.Release|x64.ActiveCfg = Release|Any CPU
		{4BE7AFB3-3913-45C2-8224-A46520DC0492}.Release|x64.Build.0 = Release|Any CPU
		{4BE7AFB3-3913-45C2-8224-A46520DC0492}.Release|x86.ActiveCfg = Release|Any CPU
		{4BE7AFB3-3913-45C2-8224-A46520DC0492}.Release|x86.Build.0 = Release|Any CPU
		{2E74CCB6-C3D7-48FA-9574-57FD6D0C4FAF}.Debug|Any CPU.ActiveCfg = Debug|Any CPU
		{2E74CCB6-C3D7-48FA-9574-57FD6D0C4FAF}.Debug|Any CPU.Build.0 = Debug|Any CPU
		{2E74CCB6-C3D7-48FA-9574-57FD6D0C4FAF}.Debug|x64.ActiveCfg = Debug|Any CPU
		{2E74CCB6-C3D7-48FA-9574-57FD6D0C4FAF}.Debug|x64.Build.0 = Debug|Any CPU
		{2E74CCB6-C3D7-48FA-9574-57FD6D0C4FAF}.Debug|x86.ActiveCfg = Debug|Any CPU
		{2E74CCB6-C3D7-48FA-9574-57FD6D0C4FAF}.Debug|x86.Build.0 = Debug|Any CPU
		{2E74CCB6-C3D7-48FA-9574-57FD6D0C4FAF}.Release|Any CPU.ActiveCfg = Release|Any CPU
		{2E74CCB6-C3D7-48FA-9574-57FD6D0C4FAF}.Release|Any CPU.Build.0 = Release|Any CPU
		{2E74CCB6-C3D7-48FA-9574-57FD6D0C4FAF}.Release|x64.ActiveCfg = Release|Any CPU
		{2E74CCB6-C3D7-48FA-9574-57FD6D0C4FAF}.Release|x64.Build.0 = Release|Any CPU
		{2E74CCB6-C3D7-48FA-9574-57FD6D0C4FAF}.Release|x86.ActiveCfg = Release|Any CPU
		{2E74CCB6-C3D7-48FA-9574-57FD6D0C4FAF}.Release|x86.Build.0 = Release|Any CPU
		{C87ED3B3-77AE-4B64-9209-AEF41F84FBBA}.Debug|Any CPU.ActiveCfg = Debug|Any CPU
		{C87ED3B3-77AE-4B64-9209-AEF41F84FBBA}.Debug|Any CPU.Build.0 = Debug|Any CPU
		{C87ED3B3-77AE-4B64-9209-AEF41F84FBBA}.Debug|x64.ActiveCfg = Debug|Any CPU
		{C87ED3B3-77AE-4B64-9209-AEF41F84FBBA}.Debug|x64.Build.0 = Debug|Any CPU
		{C87ED3B3-77AE-4B64-9209-AEF41F84FBBA}.Debug|x86.ActiveCfg = Debug|Any CPU
		{C87ED3B3-77AE-4B64-9209-AEF41F84FBBA}.Debug|x86.Build.0 = Debug|Any CPU
		{C87ED3B3-77AE-4B64-9209-AEF41F84FBBA}.Release|Any CPU.ActiveCfg = Release|Any CPU
		{C87ED3B3-77AE-4B64-9209-AEF41F84FBBA}.Release|Any CPU.Build.0 = Release|Any CPU
		{C87ED3B3-77AE-4B64-9209-AEF41F84FBBA}.Release|x64.ActiveCfg = Release|Any CPU
		{C87ED3B3-77AE-4B64-9209-AEF41F84FBBA}.Release|x64.Build.0 = Release|Any CPU
		{C87ED3B3-77AE-4B64-9209-AEF41F84FBBA}.Release|x86.ActiveCfg = Release|Any CPU
		{C87ED3B3-77AE-4B64-9209-AEF41F84FBBA}.Release|x86.Build.0 = Release|Any CPU
	EndGlobalSection
	GlobalSection(NestedProjects) = preSolution
		{AD40E81E-78C6-4901-A80C-FAB1C99E63B3} = {278134F0-0F21-44E6-9467-4243712B3C89}
		{30127AEA-439A-451C-93C3-0D213D645DDB} = {AD40E81E-78C6-4901-A80C-FAB1C99E63B3}
		{4207A5E0-9BFB-407C-8CA2-36366189373B} = {AD40E81E-78C6-4901-A80C-FAB1C99E63B3}
		{4BE7AFB3-3913-45C2-8224-A46520DC0492} = {4207A5E0-9BFB-407C-8CA2-36366189373B}
		{2E74CCB6-C3D7-48FA-9574-57FD6D0C4FAF} = {4207A5E0-9BFB-407C-8CA2-36366189373B}
		{C87ED3B3-77AE-4B64-9209-AEF41F84FBBA} = {AD40E81E-78C6-4901-A80C-FAB1C99E63B3}
	EndGlobalSection
EndGlobal
